dependencies:
  espressif/usb_host_hid:
    component_hash: 71241f16d00268738ffc62a12ca55f209e2e93ed1e6ed96debee2e96292340ae
    dependencies:
    - name: idf
      require: private
      version: '>=4.4'
    source:
      registry_url: https://components.espressif.com/
      type: service
    targets:
    - esp32s2
    - esp32s3
    version: 1.0.0
  idf:
    source:
      type: idf
    version: 5.5.1
  lvgl/lvgl:
    component_hash: 948bff879a345149b83065535bbc4a026ce9f47498a22881e432a264b9098015
    dependencies: []
    source:
      registry_url: https://components.espressif.com/
      type: service
    version: 8.3.11
direct_dependencies:
- espressif/usb_host_hid
- idf
- lvgl/lvgl
manifest_hash: 3b69e1c50293dc0b64ba1e23d41c97dd82651be77a08d10c33ae14bac373231e
target: esp32s3
version: 2.0.0
